
Microsoft Visual Studio Solution File, Format Version 12.00
# Visual Studio 14
VisualStudioVersion = 14.0.25420.1
MinimumVisualStudioVersion = 10.0.40219.1
Project("{8BC9CEB8-8B4A-11D0-8D11-00A0C91BC942}") = "WebViewExample", "WebViewExample\WebViewExample.vcxproj", "{9793DA67-5CF6-49B0-9C06-14248FFC70FC}"
EndProject
Project("{8BC9CEB8-8B4A-11D0-8D11-00A0C91BC942}") = "WindowsRuntimeComponent1", "WindowsRuntimeComponent1\WindowsRuntimeComponent1.vcxproj", "{39243678-FF1A-4105-852A-0C76B6D79381}"
EndProject
Global
	GlobalSection(SolutionConfigurationPlatforms) = preSolution
		Debug|ARM = Debug|ARM
		Debug|x64 = Debug|x64
		Debug|x86 = Debug|x86
		Release|ARM = Release|ARM
		Release|x64 = Release|x64
		Release|x86 = Release|x86
	EndGlobalSection
	GlobalSection(ProjectConfigurationPlatforms) = postSolution
		{9793DA67-5CF6-49B0-9C06-14248FFC70FC}.Debug|ARM.ActiveCfg = Debug|ARM
		{9793DA67-5CF6-49B0-9C06-14248FFC70FC}.Debug|ARM.Build.0 = Debug|ARM
		{9793DA67-5CF6-49B0-9C06-14248FFC70FC}.Debug|ARM.Deploy.0 = Debug|ARM
		{9793DA67-5CF6-49B0-9C06-14248FFC70FC}.Debug|x64.ActiveCfg = Debug|x64
		{9793DA67-5CF6-49B0-9C06-14248FFC70FC}.Debug|x64.Build.0 = Debug|x64
		{9793DA67-5CF6-49B0-9C06-14248FFC70FC}.Debug|x64.Deploy.0 = Debug|x64
		{9793DA67-5CF6-49B0-9C06-14248FFC70FC}.Debug|x86.ActiveCfg = Debug|Win32
		{9793DA67-5CF6-49B0-9C06-14248FFC70FC}.Debug|x86.Build.0 = Debug|Win32
		{9793DA67-5CF6-49B0-9C06-14248FFC70FC}.Debug|x86.Deploy.0 = Debug|Win32
		{9793DA67-5CF6-49B0-9C06-14248FFC70FC}.Release|ARM.ActiveCfg = Release|ARM
		{9793DA67-5CF6-49B0-9C06-14248FFC70FC}.Release|ARM.Build.0 = Release|ARM
		{9793DA67-5CF6-49B0-9C06-14248FFC70FC}.Release|ARM.Deploy.0 = Release|ARM
		{9793DA67-5CF6-49B0-9C06-14248FFC70FC}.Release|x64.ActiveCfg = Release|x64
		{9793DA67-5CF6-49B0-9C06-14248FFC70FC}.Release|x64.Build.0 = Release|x64
		{9793DA67-5CF6-49B0-9C06-14248FFC70FC}.Release|x64.Deploy.0 = Release|x64
		{9793DA67-5CF6-49B0-9C06-14248FFC70FC}.Release|x86.ActiveCfg = Release|Win32
		{9793DA67-5CF6-49B0-9C06-14248FFC70FC}.Release|x86.Build.0 = Release|Win32
		{9793DA67-5CF6-49B0-9C06-14248FFC70FC}.Release|x86.Deploy.0 = Release|Win32
		{39243678-FF1A-4105-852A-0C76B6D79381}.Debug|ARM.ActiveCfg = Debug|ARM
		{39243678-FF1A-4105-852A-0C76B6D79381}.Debug|ARM.Build.0 = Debug|ARM
		{39243678-FF1A-4105-852A-0C76B6D79381}.Debug|x64.ActiveCfg = Debug|x64
		{39243678-FF1A-4105-852A-0C76B6D79381}.Debug|x64.Build.0 = Debug|x64
		{39243678-FF1A-4105-852A-0C76B6D79381}.Debug|x86.ActiveCfg = Debug|Win32
		{39243678-FF1A-4105-852A-0C76B6D79381}.Debug|x86.Build.0 = Debug|Win32
		{39243678-FF1A-4105-852A-0C76B6D79381}.Release|ARM.ActiveCfg = Release|ARM
		{39243678-FF1A-4105-852A-0C76B6D79381}.Release|ARM.Build.0 = Release|ARM
		{39243678-FF1A-4105-852A-0C76B6D79381}.Release|x64.ActiveCfg = Release|x64
		{39243678-FF1A-4105-852A-0C76B6D79381}.Release|x64.Build.0 = Release|x64
		{39243678-FF1A-4105-852A-0C76B6D79381}.Release|x86.ActiveCfg = Release|Win32
		{39243678-FF1A-4105-852A-0C76B6D79381}.Release|x86.Build.0 = Release|Win32
	EndGlobalSection
	GlobalSection(SolutionProperties) = preSolution
		HideSolutionNode = FALSE
	EndGlobalSection
EndGlobal
