
Microsoft Visual Studio Solution File, Format Version 12.00
# Visual Studio 15
VisualStudioVersion = 15.0.26730.3
MinimumVisualStudioVersion = 10.0.40219.1
Project("{8BC9CEB8-8B4A-11D0-8D11-00A0C91BC942}") = "MRAppServiceDemo", "MRAppServiceDemo\MRAppServiceDemo.vcxproj", "{41133304-064C-4A67-B933-8AE1AFA2606C}"
	ProjectSection(ProjectDependencies) = postProject
		{4D6F8D90-B1D2-4242-A2B9-2ED4FCFF6C50} = {4D6F8D90-B1D2-4242-A2B9-2ED4FCFF6C50}
	EndProjectSection
EndProject
Project("{8BC9CEB8-8B4A-11D0-8D11-00A0C91BC942}") = "MRAppService", "MRAppService\MRAppService.vcxproj", "{46158082-93D5-4103-9C0A-E197F5D3B182}"
EndProject
Project("{8BC9CEB8-8B4A-11D0-8D11-00A0C91BC942}") = "ConsoleApplication1", "ConsoleApplication1\ConsoleApplication1.vcxproj", "{4D6F8D90-B1D2-4242-A2B9-2ED4FCFF6C50}"
EndProject
Project("{FAE04EC0-301F-11D3-BF4B-00C04F79EFBC}") = "DesktopBridgeDebuggingProject", "DesktopBridgeDebuggingProject\DesktopBridgeDebuggingProject.vsdproj", "{71C928B6-8FE2-479C-AE88-D1A7D364CBE7}"
	ProjectSection(ProjectDependencies) = postProject
		{41133304-064C-4A67-B933-8AE1AFA2606C} = {41133304-064C-4A67-B933-8AE1AFA2606C}
		{46158082-93D5-4103-9C0A-E197F5D3B182} = {46158082-93D5-4103-9C0A-E197F5D3B182}
		{4D6F8D90-B1D2-4242-A2B9-2ED4FCFF6C50} = {4D6F8D90-B1D2-4242-A2B9-2ED4FCFF6C50}
	EndProjectSection
EndProject
Global
	GlobalSection(SolutionConfigurationPlatforms) = preSolution
		Debug|x64 = Debug|x64
		Debug|x86 = Debug|x86
		Release|x64 = Release|x64
		Release|x86 = Release|x86
	EndGlobalSection
	GlobalSection(ProjectConfigurationPlatforms) = postSolution
		{41133304-064C-4A67-B933-8AE1AFA2606C}.Debug|x64.ActiveCfg = Debug|x64
		{41133304-064C-4A67-B933-8AE1AFA2606C}.Debug|x64.Build.0 = Debug|x64
		{41133304-064C-4A67-B933-8AE1AFA2606C}.Debug|x64.Deploy.0 = Debug|x64
		{41133304-064C-4A67-B933-8AE1AFA2606C}.Debug|x86.ActiveCfg = Debug|Win32
		{41133304-064C-4A67-B933-8AE1AFA2606C}.Debug|x86.Build.0 = Debug|Win32
		{41133304-064C-4A67-B933-8AE1AFA2606C}.Debug|x86.Deploy.0 = Debug|Win32
		{41133304-064C-4A67-B933-8AE1AFA2606C}.Release|x64.ActiveCfg = Release|x64
		{41133304-064C-4A67-B933-8AE1AFA2606C}.Release|x64.Build.0 = Release|x64
		{41133304-064C-4A67-B933-8AE1AFA2606C}.Release|x64.Deploy.0 = Release|x64
		{41133304-064C-4A67-B933-8AE1AFA2606C}.Release|x86.ActiveCfg = Release|Win32
		{41133304-064C-4A67-B933-8AE1AFA2606C}.Release|x86.Build.0 = Release|Win32
		{41133304-064C-4A67-B933-8AE1AFA2606C}.Release|x86.Deploy.0 = Release|Win32
		{46158082-93D5-4103-9C0A-E197F5D3B182}.Debug|x64.ActiveCfg = Debug|x64
		{46158082-93D5-4103-9C0A-E197F5D3B182}.Debug|x64.Build.0 = Debug|x64
		{46158082-93D5-4103-9C0A-E197F5D3B182}.Debug|x86.ActiveCfg = Debug|Win32
		{46158082-93D5-4103-9C0A-E197F5D3B182}.Debug|x86.Build.0 = Debug|Win32
		{46158082-93D5-4103-9C0A-E197F5D3B182}.Release|x64.ActiveCfg = Release|x64
		{46158082-93D5-4103-9C0A-E197F5D3B182}.Release|x64.Build.0 = Release|x64
		{46158082-93D5-4103-9C0A-E197F5D3B182}.Release|x86.ActiveCfg = Release|Win32
		{46158082-93D5-4103-9C0A-E197F5D3B182}.Release|x86.Build.0 = Release|Win32
		{4D6F8D90-B1D2-4242-A2B9-2ED4FCFF6C50}.Debug|x64.ActiveCfg = Debug|x64
		{4D6F8D90-B1D2-4242-A2B9-2ED4FCFF6C50}.Debug|x64.Build.0 = Debug|x64
		{4D6F8D90-B1D2-4242-A2B9-2ED4FCFF6C50}.Debug|x86.ActiveCfg = Debug|Win32
		{4D6F8D90-B1D2-4242-A2B9-2ED4FCFF6C50}.Debug|x86.Build.0 = Debug|Win32
		{4D6F8D90-B1D2-4242-A2B9-2ED4FCFF6C50}.Release|x64.ActiveCfg = Release|x64
		{4D6F8D90-B1D2-4242-A2B9-2ED4FCFF6C50}.Release|x64.Build.0 = Release|x64
		{4D6F8D90-B1D2-4242-A2B9-2ED4FCFF6C50}.Release|x86.ActiveCfg = Release|Win32
		{4D6F8D90-B1D2-4242-A2B9-2ED4FCFF6C50}.Release|x86.Build.0 = Release|Win32
		{71C928B6-8FE2-479C-AE88-D1A7D364CBE7}.Debug|x64.ActiveCfg = Debug|x64
		{71C928B6-8FE2-479C-AE88-D1A7D364CBE7}.Debug|x64.Build.0 = Debug|x64
		{71C928B6-8FE2-479C-AE88-D1A7D364CBE7}.Debug|x64.Deploy.0 = Debug|x64
		{71C928B6-8FE2-479C-AE88-D1A7D364CBE7}.Debug|x86.ActiveCfg = Debug|x86
		{71C928B6-8FE2-479C-AE88-D1A7D364CBE7}.Debug|x86.Build.0 = Debug|x86
		{71C928B6-8FE2-479C-AE88-D1A7D364CBE7}.Debug|x86.Deploy.0 = Debug|x86
		{71C928B6-8FE2-479C-AE88-D1A7D364CBE7}.Release|x64.ActiveCfg = Release|x64
		{71C928B6-8FE2-479C-AE88-D1A7D364CBE7}.Release|x64.Build.0 = Release|x64
		{71C928B6-8FE2-479C-AE88-D1A7D364CBE7}.Release|x64.Deploy.0 = Release|x64
		{71C928B6-8FE2-479C-AE88-D1A7D364CBE7}.Release|x86.ActiveCfg = Release|x86
		{71C928B6-8FE2-479C-AE88-D1A7D364CBE7}.Release|x86.Build.0 = Release|x86
		{71C928B6-8FE2-479C-AE88-D1A7D364CBE7}.Release|x86.Deploy.0 = Release|x86
	EndGlobalSection
	GlobalSection(SolutionProperties) = preSolution
		HideSolutionNode = FALSE
	EndGlobalSection
	GlobalSection(ExtensibilityGlobals) = postSolution
		SolutionGuid = {E11426EF-1927-4FD3-9F6B-71FFF3417F65}
	EndGlobalSection
EndGlobal
