
Microsoft Visual Studio Solution File, Format Version 12.00
# Visual Studio 15
VisualStudioVersion = 15.0.26730.12
MinimumVisualStudioVersion = 10.0.40219.1
Project("{8BC9CEB8-8B4A-11D0-8D11-00A0C91BC942}") = "MRCentennial", "MRCentennial\MRCentennial.vcxproj", "{BC205800-ED9B-49DE-A9AF-E9647E1F3EE4}"
EndProject
Project("{8BC9CEB8-8B4A-11D0-8D11-00A0C91BC942}") = "ScreenCapture", "ScreenCapture\ScreenCapture.vcxproj", "{EB7DCDE9-1BE2-4A99-88B0-70BC2B094DE1}"
EndProject
Global
	GlobalSection(SolutionConfigurationPlatforms) = preSolution
		Debug|x64 = Debug|x64
		Debug|x86 = Debug|x86
		Release|x64 = Release|x64
		Release|x86 = Release|x86
	EndGlobalSection
	GlobalSection(ProjectConfigurationPlatforms) = postSolution
		{BC205800-ED9B-49DE-A9AF-E9647E1F3EE4}.Debug|x64.ActiveCfg = Debug|x64
		{BC205800-ED9B-49DE-A9AF-E9647E1F3EE4}.Debug|x64.Build.0 = Debug|x64
		{BC205800-ED9B-49DE-A9AF-E9647E1F3EE4}.Debug|x64.Deploy.0 = Debug|x64
		{BC205800-ED9B-49DE-A9AF-E9647E1F3EE4}.Debug|x86.ActiveCfg = Debug|Win32
		{BC205800-ED9B-49DE-A9AF-E9647E1F3EE4}.Debug|x86.Build.0 = Debug|Win32
		{BC205800-ED9B-49DE-A9AF-E9647E1F3EE4}.Debug|x86.Deploy.0 = Debug|Win32
		{BC205800-ED9B-49DE-A9AF-E9647E1F3EE4}.Release|x64.ActiveCfg = Release|x64
		{BC205800-ED9B-49DE-A9AF-E9647E1F3EE4}.Release|x64.Build.0 = Release|x64
		{BC205800-ED9B-49DE-A9AF-E9647E1F3EE4}.Release|x64.Deploy.0 = Release|x64
		{BC205800-ED9B-49DE-A9AF-E9647E1F3EE4}.Release|x86.ActiveCfg = Release|Win32
		{BC205800-ED9B-49DE-A9AF-E9647E1F3EE4}.Release|x86.Build.0 = Release|Win32
		{BC205800-ED9B-49DE-A9AF-E9647E1F3EE4}.Release|x86.Deploy.0 = Release|Win32
		{EB7DCDE9-1BE2-4A99-88B0-70BC2B094DE1}.Debug|x64.ActiveCfg = Debug|x64
		{EB7DCDE9-1BE2-4A99-88B0-70BC2B094DE1}.Debug|x64.Build.0 = Debug|x64
		{EB7DCDE9-1BE2-4A99-88B0-70BC2B094DE1}.Debug|x86.ActiveCfg = Debug|Win32
		{EB7DCDE9-1BE2-4A99-88B0-70BC2B094DE1}.Debug|x86.Build.0 = Debug|Win32
		{EB7DCDE9-1BE2-4A99-88B0-70BC2B094DE1}.Release|x64.ActiveCfg = Release|x64
		{EB7DCDE9-1BE2-4A99-88B0-70BC2B094DE1}.Release|x64.Build.0 = Release|x64
		{EB7DCDE9-1BE2-4A99-88B0-70BC2B094DE1}.Release|x86.ActiveCfg = Release|Win32
		{EB7DCDE9-1BE2-4A99-88B0-70BC2B094DE1}.Release|x86.Build.0 = Release|Win32
	EndGlobalSection
	GlobalSection(SolutionProperties) = preSolution
		HideSolutionNode = FALSE
	EndGlobalSection
	GlobalSection(ExtensibilityGlobals) = postSolution
		SolutionGuid = {19CB8DCC-2480-44E1-89A4-A6209CC32465}
	EndGlobalSection
EndGlobal
