
Microsoft Visual Studio Solution File, Format Version 12.00
# Visual Studio 15
VisualStudioVersion = 15.0.27703.2000
MinimumVisualStudioVersion = 10.0.40219.1
Project("{8BC9CEB8-8B4A-11D0-8D11-00A0C91BC942}") = "MRWin32", "MRWin32\MRWin32.vcxproj", "{C8B7265A-8035-489D-8D4F-173A72C5211E}"
EndProject
Project("{FAE04EC0-301F-11D3-BF4B-00C04F79EFBC}") = "MRWin32-UWP", "MRWin32-UWP\MRWin32-UWP.csproj", "{F2631308-BF93-4512-8BAE-929791D3817E}"
EndProject
Project("{C7167F0D-BC9F-4E6E-AFE1-012C56B48DB5}") = "PackageProject", "PackageProject\PackageProject.wapproj", "{B97A54B2-1D46-4F8D-A69F-2447F685C8CD}"
EndProject
Global
	GlobalSection(SolutionConfigurationPlatforms) = preSolution
		Debug|ARM = Debug|ARM
		Debug|x64 = Debug|x64
		Debug|x86 = Debug|x86
		Release|ARM = Release|ARM
		Release|x64 = Release|x64
		Release|x86 = Release|x86
	EndGlobalSection
	GlobalSection(ProjectConfigurationPlatforms) = postSolution
		{C8B7265A-8035-489D-8D4F-173A72C5211E}.Debug|ARM.ActiveCfg = Debug|Win32
		{C8B7265A-8035-489D-8D4F-173A72C5211E}.Debug|x64.ActiveCfg = Debug|x64
		{C8B7265A-8035-489D-8D4F-173A72C5211E}.Debug|x64.Build.0 = Debug|x64
		{C8B7265A-8035-489D-8D4F-173A72C5211E}.Debug|x86.ActiveCfg = Debug|Win32
		{C8B7265A-8035-489D-8D4F-173A72C5211E}.Debug|x86.Build.0 = Debug|Win32
		{C8B7265A-8035-489D-8D4F-173A72C5211E}.Release|ARM.ActiveCfg = Release|Win32
		{C8B7265A-8035-489D-8D4F-173A72C5211E}.Release|x64.ActiveCfg = Release|x64
		{C8B7265A-8035-489D-8D4F-173A72C5211E}.Release|x64.Build.0 = Release|x64
		{C8B7265A-8035-489D-8D4F-173A72C5211E}.Release|x86.ActiveCfg = Release|Win32
		{C8B7265A-8035-489D-8D4F-173A72C5211E}.Release|x86.Build.0 = Release|Win32
		{F2631308-BF93-4512-8BAE-929791D3817E}.Debug|ARM.ActiveCfg = Debug|ARM
		{F2631308-BF93-4512-8BAE-929791D3817E}.Debug|ARM.Build.0 = Debug|ARM
		{F2631308-BF93-4512-8BAE-929791D3817E}.Debug|ARM.Deploy.0 = Debug|ARM
		{F2631308-BF93-4512-8BAE-929791D3817E}.Debug|x64.ActiveCfg = Debug|x64
		{F2631308-BF93-4512-8BAE-929791D3817E}.Debug|x64.Build.0 = Debug|x64
		{F2631308-BF93-4512-8BAE-929791D3817E}.Debug|x64.Deploy.0 = Debug|x64
		{F2631308-BF93-4512-8BAE-929791D3817E}.Debug|x86.ActiveCfg = Debug|x86
		{F2631308-BF93-4512-8BAE-929791D3817E}.Debug|x86.Build.0 = Debug|x86
		{F2631308-BF93-4512-8BAE-929791D3817E}.Debug|x86.Deploy.0 = Debug|x86
		{F2631308-BF93-4512-8BAE-929791D3817E}.Release|ARM.ActiveCfg = Release|ARM
		{F2631308-BF93-4512-8BAE-929791D3817E}.Release|ARM.Build.0 = Release|ARM
		{F2631308-BF93-4512-8BAE-929791D3817E}.Release|ARM.Deploy.0 = Release|ARM
		{F2631308-BF93-4512-8BAE-929791D3817E}.Release|x64.ActiveCfg = Release|x64
		{F2631308-BF93-4512-8BAE-929791D3817E}.Release|x64.Build.0 = Release|x64
		{F2631308-BF93-4512-8BAE-929791D3817E}.Release|x64.Deploy.0 = Release|x64
		{F2631308-BF93-4512-8BAE-929791D3817E}.Release|x86.ActiveCfg = Release|x86
		{F2631308-BF93-4512-8BAE-929791D3817E}.Release|x86.Build.0 = Release|x86
		{F2631308-BF93-4512-8BAE-929791D3817E}.Release|x86.Deploy.0 = Release|x86
		{B97A54B2-1D46-4F8D-A69F-2447F685C8CD}.Debug|ARM.ActiveCfg = Debug|Any CPU
		{B97A54B2-1D46-4F8D-A69F-2447F685C8CD}.Debug|ARM.Build.0 = Debug|Any CPU
		{B97A54B2-1D46-4F8D-A69F-2447F685C8CD}.Debug|ARM.Deploy.0 = Debug|Any CPU
		{B97A54B2-1D46-4F8D-A69F-2447F685C8CD}.Debug|x64.ActiveCfg = Debug|x64
		{B97A54B2-1D46-4F8D-A69F-2447F685C8CD}.Debug|x64.Build.0 = Debug|x64
		{B97A54B2-1D46-4F8D-A69F-2447F685C8CD}.Debug|x64.Deploy.0 = Debug|x64
		{B97A54B2-1D46-4F8D-A69F-2447F685C8CD}.Debug|x86.ActiveCfg = Debug|x86
		{B97A54B2-1D46-4F8D-A69F-2447F685C8CD}.Debug|x86.Build.0 = Debug|x86
		{B97A54B2-1D46-4F8D-A69F-2447F685C8CD}.Debug|x86.Deploy.0 = Debug|x86
		{B97A54B2-1D46-4F8D-A69F-2447F685C8CD}.Release|ARM.ActiveCfg = Release|Any CPU
		{B97A54B2-1D46-4F8D-A69F-2447F685C8CD}.Release|ARM.Build.0 = Release|Any CPU
		{B97A54B2-1D46-4F8D-A69F-2447F685C8CD}.Release|ARM.Deploy.0 = Release|Any CPU
		{B97A54B2-1D46-4F8D-A69F-2447F685C8CD}.Release|x64.ActiveCfg = Release|x64
		{B97A54B2-1D46-4F8D-A69F-2447F685C8CD}.Release|x64.Build.0 = Release|x64
		{B97A54B2-1D46-4F8D-A69F-2447F685C8CD}.Release|x64.Deploy.0 = Release|x64
		{B97A54B2-1D46-4F8D-A69F-2447F685C8CD}.Release|x86.ActiveCfg = Release|x86
		{B97A54B2-1D46-4F8D-A69F-2447F685C8CD}.Release|x86.Build.0 = Release|x86
		{B97A54B2-1D46-4F8D-A69F-2447F685C8CD}.Release|x86.Deploy.0 = Release|x86
	EndGlobalSection
	GlobalSection(SolutionProperties) = preSolution
		HideSolutionNode = FALSE
	EndGlobalSection
	GlobalSection(ExtensibilityGlobals) = postSolution
		SolutionGuid = {D8D2E51A-4267-46C0-9054-6D97B87558C5}
	EndGlobalSection
EndGlobal
