
Microsoft Visual Studio Solution File, Format Version 12.00
# Visual Studio 14
VisualStudioVersion = 14.0.25420.1
MinimumVisualStudioVersion = 10.0.40219.1
Project("{8BC9CEB8-8B4A-11D0-8D11-00A0C91BC942}") = "cout", "cout.vcxproj", "{5A611587-2764-4C23-A71A-7DB5EC51E1FB}"
EndProject
Project("{8BC9CEB8-8B4A-11D0-8D11-00A0C91BC942}") = "Lib1", "Lib1\Lib1.vcxproj", "{6CBFF537-3770-43AF-90AA-2513C9C7FBD6}"
EndProject
Project("{8BC9CEB8-8B4A-11D0-8D11-00A0C91BC942}") = "Dll1", "Dll1\Dll1.vcxproj", "{641DEB30-9C2F-45C3-B949-3C827E2BB34F}"
EndProject
Project("{8BC9CEB8-8B4A-11D0-8D11-00A0C91BC942}") = "WindowsRuntimeComponent1", "WindowsRuntimeComponent1\WindowsRuntimeComponent1.vcxproj", "{295D4919-D73B-4A49-9EF5-FBCB137878A8}"
EndProject
Global
	GlobalSection(SolutionConfigurationPlatforms) = preSolution
		Debug|ARM = Debug|ARM
		Debug|x64 = Debug|x64
		Debug|x86 = Debug|x86
		Release|ARM = Release|ARM
		Release|x64 = Release|x64
		Release|x86 = Release|x86
	EndGlobalSection
	GlobalSection(ProjectConfigurationPlatforms) = postSolution
		{5A611587-2764-4C23-A71A-7DB5EC51E1FB}.Debug|ARM.ActiveCfg = Debug|ARM
		{5A611587-2764-4C23-A71A-7DB5EC51E1FB}.Debug|ARM.Build.0 = Debug|ARM
		{5A611587-2764-4C23-A71A-7DB5EC51E1FB}.Debug|ARM.Deploy.0 = Debug|ARM
		{5A611587-2764-4C23-A71A-7DB5EC51E1FB}.Debug|x64.ActiveCfg = Debug|x64
		{5A611587-2764-4C23-A71A-7DB5EC51E1FB}.Debug|x64.Build.0 = Debug|x64
		{5A611587-2764-4C23-A71A-7DB5EC51E1FB}.Debug|x64.Deploy.0 = Debug|x64
		{5A611587-2764-4C23-A71A-7DB5EC51E1FB}.Debug|x86.ActiveCfg = Debug|Win32
		{5A611587-2764-4C23-A71A-7DB5EC51E1FB}.Debug|x86.Build.0 = Debug|Win32
		{5A611587-2764-4C23-A71A-7DB5EC51E1FB}.Debug|x86.Deploy.0 = Debug|Win32
		{5A611587-2764-4C23-A71A-7DB5EC51E1FB}.Release|ARM.ActiveCfg = Release|ARM
		{5A611587-2764-4C23-A71A-7DB5EC51E1FB}.Release|ARM.Build.0 = Release|ARM
		{5A611587-2764-4C23-A71A-7DB5EC51E1FB}.Release|ARM.Deploy.0 = Release|ARM
		{5A611587-2764-4C23-A71A-7DB5EC51E1FB}.Release|x64.ActiveCfg = Release|x64
		{5A611587-2764-4C23-A71A-7DB5EC51E1FB}.Release|x64.Build.0 = Release|x64
		{5A611587-2764-4C23-A71A-7DB5EC51E1FB}.Release|x64.Deploy.0 = Release|x64
		{5A611587-2764-4C23-A71A-7DB5EC51E1FB}.Release|x86.ActiveCfg = Release|Win32
		{5A611587-2764-4C23-A71A-7DB5EC51E1FB}.Release|x86.Build.0 = Release|Win32
		{5A611587-2764-4C23-A71A-7DB5EC51E1FB}.Release|x86.Deploy.0 = Release|Win32
		{6CBFF537-3770-43AF-90AA-2513C9C7FBD6}.Debug|ARM.ActiveCfg = Debug|ARM
		{6CBFF537-3770-43AF-90AA-2513C9C7FBD6}.Debug|ARM.Build.0 = Debug|ARM
		{6CBFF537-3770-43AF-90AA-2513C9C7FBD6}.Debug|x64.ActiveCfg = Debug|x64
		{6CBFF537-3770-43AF-90AA-2513C9C7FBD6}.Debug|x64.Build.0 = Debug|x64
		{6CBFF537-3770-43AF-90AA-2513C9C7FBD6}.Debug|x86.ActiveCfg = Debug|Win32
		{6CBFF537-3770-43AF-90AA-2513C9C7FBD6}.Debug|x86.Build.0 = Debug|Win32
		{6CBFF537-3770-43AF-90AA-2513C9C7FBD6}.Release|ARM.ActiveCfg = Release|ARM
		{6CBFF537-3770-43AF-90AA-2513C9C7FBD6}.Release|ARM.Build.0 = Release|ARM
		{6CBFF537-3770-43AF-90AA-2513C9C7FBD6}.Release|x64.ActiveCfg = Release|x64
		{6CBFF537-3770-43AF-90AA-2513C9C7FBD6}.Release|x64.Build.0 = Release|x64
		{6CBFF537-3770-43AF-90AA-2513C9C7FBD6}.Release|x86.ActiveCfg = Release|Win32
		{6CBFF537-3770-43AF-90AA-2513C9C7FBD6}.Release|x86.Build.0 = Release|Win32
		{641DEB30-9C2F-45C3-B949-3C827E2BB34F}.Debug|ARM.ActiveCfg = Debug|ARM
		{641DEB30-9C2F-45C3-B949-3C827E2BB34F}.Debug|ARM.Build.0 = Debug|ARM
		{641DEB30-9C2F-45C3-B949-3C827E2BB34F}.Debug|x64.ActiveCfg = Debug|x64
		{641DEB30-9C2F-45C3-B949-3C827E2BB34F}.Debug|x64.Build.0 = Debug|x64
		{641DEB30-9C2F-45C3-B949-3C827E2BB34F}.Debug|x86.ActiveCfg = Debug|Win32
		{641DEB30-9C2F-45C3-B949-3C827E2BB34F}.Debug|x86.Build.0 = Debug|Win32
		{641DEB30-9C2F-45C3-B949-3C827E2BB34F}.Release|ARM.ActiveCfg = Release|ARM
		{641DEB30-9C2F-45C3-B949-3C827E2BB34F}.Release|ARM.Build.0 = Release|ARM
		{641DEB30-9C2F-45C3-B949-3C827E2BB34F}.Release|x64.ActiveCfg = Release|x64
		{641DEB30-9C2F-45C3-B949-3C827E2BB34F}.Release|x64.Build.0 = Release|x64
		{641DEB30-9C2F-45C3-B949-3C827E2BB34F}.Release|x86.ActiveCfg = Release|Win32
		{641DEB30-9C2F-45C3-B949-3C827E2BB34F}.Release|x86.Build.0 = Release|Win32
		{295D4919-D73B-4A49-9EF5-FBCB137878A8}.Debug|ARM.ActiveCfg = Debug|ARM
		{295D4919-D73B-4A49-9EF5-FBCB137878A8}.Debug|ARM.Build.0 = Debug|ARM
		{295D4919-D73B-4A49-9EF5-FBCB137878A8}.Debug|x64.ActiveCfg = Debug|x64
		{295D4919-D73B-4A49-9EF5-FBCB137878A8}.Debug|x64.Build.0 = Debug|x64
		{295D4919-D73B-4A49-9EF5-FBCB137878A8}.Debug|x86.ActiveCfg = Debug|Win32
		{295D4919-D73B-4A49-9EF5-FBCB137878A8}.Debug|x86.Build.0 = Debug|Win32
		{295D4919-D73B-4A49-9EF5-FBCB137878A8}.Release|ARM.ActiveCfg = Release|ARM
		{295D4919-D73B-4A49-9EF5-FBCB137878A8}.Release|ARM.Build.0 = Release|ARM
		{295D4919-D73B-4A49-9EF5-FBCB137878A8}.Release|x64.ActiveCfg = Release|x64
		{295D4919-D73B-4A49-9EF5-FBCB137878A8}.Release|x64.Build.0 = Release|x64
		{295D4919-D73B-4A49-9EF5-FBCB137878A8}.Release|x86.ActiveCfg = Release|Win32
		{295D4919-D73B-4A49-9EF5-FBCB137878A8}.Release|x86.Build.0 = Release|Win32
	EndGlobalSection
	GlobalSection(SolutionProperties) = preSolution
		HideSolutionNode = FALSE
	EndGlobalSection
EndGlobal
