
Microsoft Visual Studio Solution File, Format Version 12.00
# Visual Studio 14
VisualStudioVersion = 14.0.25420.1
MinimumVisualStudioVersion = 10.0.40219.1
Project("{8BC9CEB8-8B4A-11D0-8D11-00A0C91BC942}") = "WinRT_CPP", "WinRT_CPP\WinRT_CPP.vcxproj", "{1E426F4E-E74E-48E2-8947-742000F119B7}"
EndProject
Project("{FAE04EC0-301F-11D3-BF4B-00C04F79EFBC}") = "CS_Client", "CS_Client\CS_Client.csproj", "{3B171C27-84A8-46DF-8FA4-18F1C216BAF2}"
EndProject
Project("{262852C6-CD72-467D-83FE-5EEB1973A190}") = "JS_Client", "JS_Client\JS_Client.jsproj", "{53CF6007-DE83-415F-BE8D-1274B70DD425}"
EndProject
Global
	GlobalSection(SolutionConfigurationPlatforms) = preSolution
		Debug|Any CPU = Debug|Any CPU
		Debug|ARM = Debug|ARM
		Debug|x64 = Debug|x64
		Debug|x86 = Debug|x86
		Release|Any CPU = Release|Any CPU
		Release|ARM = Release|ARM
		Release|x64 = Release|x64
		Release|x86 = Release|x86
	EndGlobalSection
	GlobalSection(ProjectConfigurationPlatforms) = postSolution
		{1E426F4E-E74E-48E2-8947-742000F119B7}.Debug|Any CPU.ActiveCfg = Debug|Win32
		{1E426F4E-E74E-48E2-8947-742000F119B7}.Debug|ARM.ActiveCfg = Debug|ARM
		{1E426F4E-E74E-48E2-8947-742000F119B7}.Debug|ARM.Build.0 = Debug|ARM
		{1E426F4E-E74E-48E2-8947-742000F119B7}.Debug|x64.ActiveCfg = Debug|x64
		{1E426F4E-E74E-48E2-8947-742000F119B7}.Debug|x64.Build.0 = Debug|x64
		{1E426F4E-E74E-48E2-8947-742000F119B7}.Debug|x86.ActiveCfg = Debug|Win32
		{1E426F4E-E74E-48E2-8947-742000F119B7}.Debug|x86.Build.0 = Debug|Win32
		{1E426F4E-E74E-48E2-8947-742000F119B7}.Release|Any CPU.ActiveCfg = Release|Win32
		{1E426F4E-E74E-48E2-8947-742000F119B7}.Release|ARM.ActiveCfg = Release|ARM
		{1E426F4E-E74E-48E2-8947-742000F119B7}.Release|ARM.Build.0 = Release|ARM
		{1E426F4E-E74E-48E2-8947-742000F119B7}.Release|x64.ActiveCfg = Release|x64
		{1E426F4E-E74E-48E2-8947-742000F119B7}.Release|x64.Build.0 = Release|x64
		{1E426F4E-E74E-48E2-8947-742000F119B7}.Release|x86.ActiveCfg = Release|Win32
		{1E426F4E-E74E-48E2-8947-742000F119B7}.Release|x86.Build.0 = Release|Win32
		{3B171C27-84A8-46DF-8FA4-18F1C216BAF2}.Debug|Any CPU.ActiveCfg = Debug|x86
		{3B171C27-84A8-46DF-8FA4-18F1C216BAF2}.Debug|ARM.ActiveCfg = Debug|ARM
		{3B171C27-84A8-46DF-8FA4-18F1C216BAF2}.Debug|ARM.Build.0 = Debug|ARM
		{3B171C27-84A8-46DF-8FA4-18F1C216BAF2}.Debug|ARM.Deploy.0 = Debug|ARM
		{3B171C27-84A8-46DF-8FA4-18F1C216BAF2}.Debug|x64.ActiveCfg = Debug|x64
		{3B171C27-84A8-46DF-8FA4-18F1C216BAF2}.Debug|x64.Build.0 = Debug|x64
		{3B171C27-84A8-46DF-8FA4-18F1C216BAF2}.Debug|x64.Deploy.0 = Debug|x64
		{3B171C27-84A8-46DF-8FA4-18F1C216BAF2}.Debug|x86.ActiveCfg = Debug|x86
		{3B171C27-84A8-46DF-8FA4-18F1C216BAF2}.Debug|x86.Build.0 = Debug|x86
		{3B171C27-84A8-46DF-8FA4-18F1C216BAF2}.Debug|x86.Deploy.0 = Debug|x86
		{3B171C27-84A8-46DF-8FA4-18F1C216BAF2}.Release|Any CPU.ActiveCfg = Release|x86
		{3B171C27-84A8-46DF-8FA4-18F1C216BAF2}.Release|ARM.ActiveCfg = Release|ARM
		{3B171C27-84A8-46DF-8FA4-18F1C216BAF2}.Release|ARM.Build.0 = Release|ARM
		{3B171C27-84A8-46DF-8FA4-18F1C216BAF2}.Release|ARM.Deploy.0 = Release|ARM
		{3B171C27-84A8-46DF-8FA4-18F1C216BAF2}.Release|x64.ActiveCfg = Release|x64
		{3B171C27-84A8-46DF-8FA4-18F1C216BAF2}.Release|x64.Build.0 = Release|x64
		{3B171C27-84A8-46DF-8FA4-18F1C216BAF2}.Release|x64.Deploy.0 = Release|x64
		{3B171C27-84A8-46DF-8FA4-18F1C216BAF2}.Release|x86.ActiveCfg = Release|x86
		{3B171C27-84A8-46DF-8FA4-18F1C216BAF2}.Release|x86.Build.0 = Release|x86
		{3B171C27-84A8-46DF-8FA4-18F1C216BAF2}.Release|x86.Deploy.0 = Release|x86
		{53CF6007-DE83-415F-BE8D-1274B70DD425}.Debug|Any CPU.ActiveCfg = Debug|Any CPU
		{53CF6007-DE83-415F-BE8D-1274B70DD425}.Debug|Any CPU.Build.0 = Debug|Any CPU
		{53CF6007-DE83-415F-BE8D-1274B70DD425}.Debug|Any CPU.Deploy.0 = Debug|Any CPU
		{53CF6007-DE83-415F-BE8D-1274B70DD425}.Debug|ARM.ActiveCfg = Debug|ARM
		{53CF6007-DE83-415F-BE8D-1274B70DD425}.Debug|ARM.Build.0 = Debug|ARM
		{53CF6007-DE83-415F-BE8D-1274B70DD425}.Debug|ARM.Deploy.0 = Debug|ARM
		{53CF6007-DE83-415F-BE8D-1274B70DD425}.Debug|x64.ActiveCfg = Debug|x64
		{53CF6007-DE83-415F-BE8D-1274B70DD425}.Debug|x64.Build.0 = Debug|x64
		{53CF6007-DE83-415F-BE8D-1274B70DD425}.Debug|x64.Deploy.0 = Debug|x64
		{53CF6007-DE83-415F-BE8D-1274B70DD425}.Debug|x86.ActiveCfg = Debug|x86
		{53CF6007-DE83-415F-BE8D-1274B70DD425}.Debug|x86.Build.0 = Debug|x86
		{53CF6007-DE83-415F-BE8D-1274B70DD425}.Debug|x86.Deploy.0 = Debug|x86
		{53CF6007-DE83-415F-BE8D-1274B70DD425}.Release|Any CPU.ActiveCfg = Release|Any CPU
		{53CF6007-DE83-415F-BE8D-1274B70DD425}.Release|Any CPU.Build.0 = Release|Any CPU
		{53CF6007-DE83-415F-BE8D-1274B70DD425}.Release|Any CPU.Deploy.0 = Release|Any CPU
		{53CF6007-DE83-415F-BE8D-1274B70DD425}.Release|ARM.ActiveCfg = Release|ARM
		{53CF6007-DE83-415F-BE8D-1274B70DD425}.Release|ARM.Build.0 = Release|ARM
		{53CF6007-DE83-415F-BE8D-1274B70DD425}.Release|ARM.Deploy.0 = Release|ARM
		{53CF6007-DE83-415F-BE8D-1274B70DD425}.Release|x64.ActiveCfg = Release|x64
		{53CF6007-DE83-415F-BE8D-1274B70DD425}.Release|x64.Build.0 = Release|x64
		{53CF6007-DE83-415F-BE8D-1274B70DD425}.Release|x64.Deploy.0 = Release|x64
		{53CF6007-DE83-415F-BE8D-1274B70DD425}.Release|x86.ActiveCfg = Release|x86
		{53CF6007-DE83-415F-BE8D-1274B70DD425}.Release|x86.Build.0 = Release|x86
		{53CF6007-DE83-415F-BE8D-1274B70DD425}.Release|x86.Deploy.0 = Release|x86
	EndGlobalSection
	GlobalSection(SolutionProperties) = preSolution
		HideSolutionNode = FALSE
	EndGlobalSection
EndGlobal
