<?xml version="1.0" encoding="utf-8"?>
<Project ToolsVersion="15.0" xmlns="http://schemas.microsoft.com/developer/msbuild/2003">
  <ItemGroup>
    <Filter Include="Resource Files">
      <UniqueIdentifier>{67DA6AB6-F800-4c08-8B7A-83BB121AAD01}</UniqueIdentifier>
      <Extensions>rc;ico;cur;bmp;dlg;rc2;rct;bin;rgs;gif;jpg;jpeg;jpe;resx;tga;tiff;tif;png;wav;mfcribbon-ms</Extensions>
    </Filter>
    <Filter Include="MRAppService">
      <UniqueIdentifier>{f4defa6d-2e6d-4c02-b1c1-955f6ae243a6}</UniqueIdentifier>
    </Filter>
  </ItemGroup>
  <ItemGroup>
    <ClCompile Include="dllmain.cpp" />
    <ClCompile Include="pch.cpp" />
    <ClCompile Include="..\MRAppService\MRAppServiceListener.cpp">
      <Filter>MRAppService</Filter>
    </ClCompile>
    <ClCompile Include="..\common\SendInput.cpp" />
  </ItemGroup>
  <ItemGroup>
    <ClInclude Include="pch.h" />
    <ClInclude Include="targetver.h" />
    <ClInclude Include="..\MRAppService\MRAppServiceListener.h">
      <Filter>MRAppService</Filter>
    </ClInclude>
    <ClInclude Include="..\common\SendInput.h" />
  </ItemGroup>
</Project>